
Microsoft Visual Studio Solution File, Format Version 12.00
# Visual Studio 15
VisualStudioVersion = 15.0.28307.1585
MinimumVisualStudioVersion = 10.0.40219.1
Project("{FAE04EC0-301F-11D3-BF4B-00C04F79EFBC}") = "myMvc", "myMvc\myMvc.csproj", "{C787322B-7395-4275-BFD5-6AA84C48CC70}"
EndProject
Global
	GlobalSection(SolutionConfigurationPlatforms) = preSolution
		Debug|Any CPU = Debug|Any CPU
		Release|Any CPU = Release|Any CPU
	EndGlobalSection
	GlobalSection(ProjectConfigurationPlatforms) = postSolution
		{C787322B-7395-4275-BFD5-6AA84C48CC70}.Debug|Any CPU.ActiveCfg = Debug|Any CPU
		{C787322B-7395-4275-BFD5-6AA84C48CC70}.Debug|Any CPU.Build.0 = Debug|Any CPU
		{C787322B-7395-4275-BFD5-6AA84C48CC70}.Release|Any CPU.ActiveCfg = Release|Any CPU
		{C787322B-7395-4275-BFD5-6AA84C48CC70}.Release|Any CPU.Build.0 = Release|Any CPU
	EndGlobalSection
	GlobalSection(SolutionProperties) = preSolution
		HideSolutionNode = FALSE
	EndGlobalSection
	GlobalSection(ExtensibilityGlobals) = postSolution
		SolutionGuid = {5536E0EB-38A0-4DE4-97B5-0A3FD9A7A6E3}
	EndGlobalSection
EndGlobal
